
Microsoft Visual Studio Solution File, Format Version 12.00
# Visual Studio Version 17
VisualStudioVersion = 17.0.31903.59
MinimumVisualStudioVersion = 10.0.40219.1
Project("{FAE04EC0-301F-11D3-BF4B-00C04F79EFBC}") = "Rota.Api", "src/Rota.Api/Rota.Api.csproj", "{5EA2E6F5-F5F6-4E44-85F8-A7948588B063}"
EndProject
Project("{FAE04EC0-301F-11D3-BF4B-00C04F79EFBC}") = "Rota.Modules.Discovery.Domain", "src/Modules/Discovery/Rota.Modules.Discovery.Domain/Rota.Modules.Discovery.Domain.csproj", "{A72EC5C8-5C03-468C-A532-4BBE4621527A}"
EndProject
Project("{FAE04EC0-301F-11D3-BF4B-00C04F79EFBC}") = "Rota.Modules.Discovery.Infrastructure", "src/Modules/Discovery/Rota.Modules.Discovery.Infrastructure/Rota.Modules.Discovery.Infrastructure.csproj", "{2862FD78-14C4-44FE-AE20-0B99D10B83F9}"
EndProject
Project("{FAE04EC0-301F-11D3-BF4B-00C04F79EFBC}") = "Rota.Modules.Discovery.Application", "src/Modules/Discovery/Rota.Modules.Discovery.Application/Rota.Modules.Discovery.Application.csproj", "{7F1E1594-2EF4-4621-BD27-4D613AB48CD7}"
EndProject
Project("{FAE04EC0-301F-11D3-BF4B-00C04F79EFBC}") = "Rota.Modules.Identity.Domain", "src/Modules/Identity/Rota.Modules.Identity.Domain/Rota.Modules.Identity.Domain.csproj", "{F262A88A-63BE-4F10-8AC8-C12A53BCA010}"
EndProject
Project("{FAE04EC0-301F-11D3-BF4B-00C04F79EFBC}") = "Rota.Modules.Identity.Application", "src/Modules/Identity/Rota.Modules.Identity.Application/Rota.Modules.Identity.Application.csproj", "{9E9279E3-DA22-4F46-B8EE-C73160F69B86}"
EndProject
Project("{FAE04EC0-301F-11D3-BF4B-00C04F79EFBC}") = "Rota.Modules.Identity.Infrastructure", "src/Modules/Identity/Rota.Modules.Identity.Infrastructure/Rota.Modules.Identity.Infrastructure.csproj", "{EA8DB006-C3BA-4125-A24B-E42F279670F2}"
EndProject
Project("{FAE04EC0-301F-11D3-BF4B-00C04F79EFBC}") = "Rota.Modules.Recommendation.Domain", "src/Modules/Recommendation/Rota.Modules.Recommendation.Domain/Rota.Modules.Recommendation.Domain.csproj", "{E8052593-D732-499F-A1A5-740D6D56AF6B}"
EndProject
Project("{FAE04EC0-301F-11D3-BF4B-00C04F79EFBC}") = "Rota.Modules.Recommendation.Application", "src/Modules/Recommendation/Rota.Modules.Recommendation.Application/Rota.Modules.Recommendation.Application.csproj", "{7A3C2A1C-3916-44B6-83D4-304F6C1D046E}"
EndProject
Project("{FAE04EC0-301F-11D3-BF4B-00C04F79EFBC}") = "Rota.Modules.Recommendation.Infrastructure", "src/Modules/Recommendation/Rota.Modules.Recommendation.Infrastructure/Rota.Modules.Recommendation.Infrastructure.csproj", "{127C6F9A-0933-4781-BC69-96C6EB7BE480}"
EndProject
Project("{FAE04EC0-301F-11D3-BF4B-00C04F79EFBC}") = "Rota.Modules.Realtime.Application", "src/Modules/Realtime/Rota.Modules.Realtime.Application/Rota.Modules.Realtime.Application.csproj", "{8F45BAE0-C320-4C49-BE5A-7B89469391D9}"
EndProject
Project("{FAE04EC0-301F-11D3-BF4B-00C04F79EFBC}") = "Rota.Modules.Realtime.Infrastructure", "src/Modules/Realtime/Rota.Modules.Realtime.Infrastructure/Rota.Modules.Realtime.Infrastructure.csproj", "{92A1F5A2-6A6F-4F34-BEBF-EB24FC2DF301}"
EndProject
Project("{FAE04EC0-301F-11D3-BF4B-00C04F79EFBC}") = "Rota.Modules.Recommendation.UnitTests", "tests/Rota.Modules.Recommendation.UnitTests/Rota.Modules.Recommendation.UnitTests.csproj", "{D78319BA-82E5-4777-A719-60D960F46EB0}"
EndProject
Project("{FAE04EC0-301F-11D3-BF4B-00C04F79EFBC}") = "Rota.Api.IntegrationTests", "tests/Rota.Api.IntegrationTests/Rota.Api.IntegrationTests.csproj", "{D1A44417-74D7-49B4-B255-0C135C58EE2C}"
EndProject
Project("{2150E333-8FDC-42A3-9474-1A3956D46DE8}") = "Trip", "Trip", "{50FA2547-A2F8-42A9-8511-B898A87E378D}"
	ProjectSection(SolutionItems) = preProject
		src/Modules/Trip/README.md = src/Modules/Trip/README.md
	EndProjectSection
EndProject
Project("{2150E333-8FDC-42A3-9474-1A3956D46DE8}") = "Recommendation", "Recommendation", "{69931B59-C719-4BA2-A7AD-A593BEBAEAD4}"
	ProjectSection(SolutionItems) = preProject
		src/Modules/Recommendation/README.md = src/Modules/Recommendation/README.md
	EndProjectSection
EndProject
Project("{2150E333-8FDC-42A3-9474-1A3956D46DE8}") = "Administration", "Administration", "{698683E1-5038-4DD6-9817-325D54C9EC70}"
	ProjectSection(SolutionItems) = preProject
		src/Modules/Administration/README.md = src/Modules/Administration/README.md
	EndProjectSection
EndProject
Project("{2150E333-8FDC-42A3-9474-1A3956D46DE8}") = "Realtime", "Realtime", "{DD8193FA-531A-4D9C-8967-C614A40C6FD4}"
	ProjectSection(SolutionItems) = preProject
		src/Modules/Realtime/README.md = src/Modules/Realtime/README.md
	EndProjectSection
EndProject
Project("{2150E333-8FDC-42A3-9474-1A3956D46DE8}") = "tests", "tests", "{BE1178EF-3767-41F8-BD61-B68C79CFE5DF}"
EndProject
Global
	GlobalSection(SolutionConfigurationPlatforms) = preSolution
		Debug|Any CPU = Debug|Any CPU
		Release|Any CPU = Release|Any CPU
	EndGlobalSection
	GlobalSection(ProjectConfigurationPlatforms) = postSolution
		{5EA2E6F5-F5F6-4E44-85F8-A7948588B063}.Debug|Any CPU.ActiveCfg = Debug|Any CPU
		{5EA2E6F5-F5F6-4E44-85F8-A7948588B063}.Debug|Any CPU.Build.0 = Debug|Any CPU
		{5EA2E6F5-F5F6-4E44-85F8-A7948588B063}.Release|Any CPU.ActiveCfg = Release|Any CPU
		{5EA2E6F5-F5F6-4E44-85F8-A7948588B063}.Release|Any CPU.Build.0 = Release|Any CPU
		{A72EC5C8-5C03-468C-A532-4BBE4621527A}.Debug|Any CPU.ActiveCfg = Debug|Any CPU
		{A72EC5C8-5C03-468C-A532-4BBE4621527A}.Debug|Any CPU.Build.0 = Debug|Any CPU
		{A72EC5C8-5C03-468C-A532-4BBE4621527A}.Release|Any CPU.ActiveCfg = Release|Any CPU
		{A72EC5C8-5C03-468C-A532-4BBE4621527A}.Release|Any CPU.Build.0 = Release|Any CPU
		{2862FD78-14C4-44FE-AE20-0B99D10B83F9}.Debug|Any CPU.ActiveCfg = Debug|Any CPU
		{2862FD78-14C4-44FE-AE20-0B99D10B83F9}.Debug|Any CPU.Build.0 = Debug|Any CPU
		{2862FD78-14C4-44FE-AE20-0B99D10B83F9}.Release|Any CPU.ActiveCfg = Release|Any CPU
		{2862FD78-14C4-44FE-AE20-0B99D10B83F9}.Release|Any CPU.Build.0 = Release|Any CPU
		{7F1E1594-2EF4-4621-BD27-4D613AB48CD7}.Debug|Any CPU.ActiveCfg = Debug|Any CPU
		{7F1E1594-2EF4-4621-BD27-4D613AB48CD7}.Debug|Any CPU.Build.0 = Debug|Any CPU
		{7F1E1594-2EF4-4621-BD27-4D613AB48CD7}.Release|Any CPU.ActiveCfg = Release|Any CPU
		{7F1E1594-2EF4-4621-BD27-4D613AB48CD7}.Release|Any CPU.Build.0 = Release|Any CPU
		{F262A88A-63BE-4F10-8AC8-C12A53BCA010}.Debug|Any CPU.ActiveCfg = Debug|Any CPU
		{F262A88A-63BE-4F10-8AC8-C12A53BCA010}.Debug|Any CPU.Build.0 = Debug|Any CPU
		{F262A88A-63BE-4F10-8AC8-C12A53BCA010}.Release|Any CPU.ActiveCfg = Release|Any CPU
		{F262A88A-63BE-4F10-8AC8-C12A53BCA010}.Release|Any CPU.Build.0 = Release|Any CPU
		{9E9279E3-DA22-4F46-B8EE-C73160F69B86}.Debug|Any CPU.ActiveCfg = Debug|Any CPU
		{9E9279E3-DA22-4F46-B8EE-C73160F69B86}.Debug|Any CPU.Build.0 = Debug|Any CPU
		{9E9279E3-DA22-4F46-B8EE-C73160F69B86}.Release|Any CPU.ActiveCfg = Release|Any CPU
		{9E9279E3-DA22-4F46-B8EE-C73160F69B86}.Release|Any CPU.Build.0 = Release|Any CPU
		{EA8DB006-C3BA-4125-A24B-E42F279670F2}.Debug|Any CPU.ActiveCfg = Debug|Any CPU
		{EA8DB006-C3BA-4125-A24B-E42F279670F2}.Debug|Any CPU.Build.0 = Debug|Any CPU
		{EA8DB006-C3BA-4125-A24B-E42F279670F2}.Release|Any CPU.ActiveCfg = Release|Any CPU
		{EA8DB006-C3BA-4125-A24B-E42F279670F2}.Release|Any CPU.Build.0 = Release|Any CPU
		{E8052593-D732-499F-A1A5-740D6D56AF6B}.Debug|Any CPU.ActiveCfg = Debug|Any CPU
		{E8052593-D732-499F-A1A5-740D6D56AF6B}.Debug|Any CPU.Build.0 = Debug|Any CPU
		{E8052593-D732-499F-A1A5-740D6D56AF6B}.Release|Any CPU.ActiveCfg = Release|Any CPU
		{E8052593-D732-499F-A1A5-740D6D56AF6B}.Release|Any CPU.Build.0 = Release|Any CPU
		{7A3C2A1C-3916-44B6-83D4-304F6C1D046E}.Debug|Any CPU.ActiveCfg = Debug|Any CPU
		{7A3C2A1C-3916-44B6-83D4-304F6C1D046E}.Debug|Any CPU.Build.0 = Debug|Any CPU
		{7A3C2A1C-3916-44B6-83D4-304F6C1D046E}.Release|Any CPU.ActiveCfg = Release|Any CPU
		{7A3C2A1C-3916-44B6-83D4-304F6C1D046E}.Release|Any CPU.Build.0 = Release|Any CPU
		{127C6F9A-0933-4781-BC69-96C6EB7BE480}.Debug|Any CPU.ActiveCfg = Debug|Any CPU
		{127C6F9A-0933-4781-BC69-96C6EB7BE480}.Debug|Any CPU.Build.0 = Debug|Any CPU
		{127C6F9A-0933-4781-BC69-96C6EB7BE480}.Release|Any CPU.ActiveCfg = Release|Any CPU
		{127C6F9A-0933-4781-BC69-96C6EB7BE480}.Release|Any CPU.Build.0 = Release|Any CPU
		{8F45BAE0-C320-4C49-BE5A-7B89469391D9}.Debug|Any CPU.ActiveCfg = Debug|Any CPU
		{8F45BAE0-C320-4C49-BE5A-7B89469391D9}.Debug|Any CPU.Build.0 = Debug|Any CPU
		{8F45BAE0-C320-4C49-BE5A-7B89469391D9}.Release|Any CPU.ActiveCfg = Release|Any CPU
		{8F45BAE0-C320-4C49-BE5A-7B89469391D9}.Release|Any CPU.Build.0 = Release|Any CPU
		{92A1F5A2-6A6F-4F34-BEBF-EB24FC2DF301}.Debug|Any CPU.ActiveCfg = Debug|Any CPU
		{92A1F5A2-6A6F-4F34-BEBF-EB24FC2DF301}.Debug|Any CPU.Build.0 = Debug|Any CPU
		{92A1F5A2-6A6F-4F34-BEBF-EB24FC2DF301}.Release|Any CPU.ActiveCfg = Release|Any CPU
		{92A1F5A2-6A6F-4F34-BEBF-EB24FC2DF301}.Release|Any CPU.Build.0 = Release|Any CPU
		{D78319BA-82E5-4777-A719-60D960F46EB0}.Debug|Any CPU.ActiveCfg = Debug|Any CPU
		{D78319BA-82E5-4777-A719-60D960F46EB0}.Debug|Any CPU.Build.0 = Debug|Any CPU
		{D78319BA-82E5-4777-A719-60D960F46EB0}.Release|Any CPU.ActiveCfg = Release|Any CPU
		{D78319BA-82E5-4777-A719-60D960F46EB0}.Release|Any CPU.Build.0 = Release|Any CPU
		{D1A44417-74D7-49B4-B255-0C135C58EE2C}.Debug|Any CPU.ActiveCfg = Debug|Any CPU
		{D1A44417-74D7-49B4-B255-0C135C58EE2C}.Debug|Any CPU.Build.0 = Debug|Any CPU
		{D1A44417-74D7-49B4-B255-0C135C58EE2C}.Release|Any CPU.ActiveCfg = Release|Any CPU
		{D1A44417-74D7-49B4-B255-0C135C58EE2C}.Release|Any CPU.Build.0 = Release|Any CPU
	EndGlobalSection
	GlobalSection(NestedProjects) = preSolution
		{D78319BA-82E5-4777-A719-60D960F46EB0} = {BE1178EF-3767-41F8-BD61-B68C79CFE5DF}
		{D1A44417-74D7-49B4-B255-0C135C58EE2C} = {BE1178EF-3767-41F8-BD61-B68C79CFE5DF}
	EndGlobalSection
EndGlobal
